{
  "version": 4,
  "terraform_version": "0.13.5",
  "serial": 23,
  "lineage": "80645056-1f73-c18e-9727-438f98c987f7",
  "outputs": {},
  "resources": [
    {
      "module": "module.loadbalancer_module",
      "mode": "managed",
      "type": "aws_lb",
      "name": "sampleapp_alb",
      "provider": "provider[\"registry.terraform.io/hashicorp/aws\"]",
      "instances": [
        {
          "schema_version": 0,
          "attributes": {
            "access_logs": [
              {
                "bucket": "",
                "enabled": false,
                "prefix": ""
              }
            ],
            "arn": "arn:aws:elasticloadbalancing:eu-west-1:050861853942:loadbalancer/app/sampleapp-alb-staging/42aaf1ef5a59338c",
            "arn_suffix": "app/sampleapp-alb-staging/42aaf1ef5a59338c",
            "customer_owned_ipv4_pool": "",
            "dns_name": "sampleapp-alb-staging-820435610.eu-west-1.elb.amazonaws.com",
            "drop_invalid_header_fields": false,
            "enable_cross_zone_load_balancing": null,
            "enable_deletion_protection": true,
            "enable_http2": true,
            "id": "arn:aws:elasticloadbalancing:eu-west-1:050861853942:loadbalancer/app/sampleapp-alb-staging/42aaf1ef5a59338c",
            "idle_timeout": 60,
            "internal": false,
            "ip_address_type": "ipv4",
            "load_balancer_type": "application",
            "name": "sampleapp-alb-staging",
            "name_prefix": null,
            "security_groups": [
              "sg-015fc2c56afef1c2c"
            ],
            "subnet_mapping": [
              {
                "allocation_id": "",
                "outpost_id": "",
                "private_ipv4_address": "",
                "subnet_id": "subnet-1e327544"
              },
              {
                "allocation_id": "",
                "outpost_id": "",
                "private_ipv4_address": "",
                "subnet_id": "subnet-37dbe151"
              }
            ],
            "subnets": [
              "subnet-1e327544",
              "subnet-37dbe151"
            ],
            "tags": {
              "Environment": "staging"
            },
            "timeouts": null,
            "vpc_id": "vpc-855f96fc",
            "zone_id": "Z32O12XQLNTSW2"
          }
        }
      ]
    },
    {
      "module": "module.loadbalancer_module",
      "mode": "managed",
      "type": "aws_lb",
      "name": "smapleapp_alb",
      "provider": "provider[\"registry.terraform.io/hashicorp/aws\"]",
      "instances": [
        {
          "schema_version": 0,
          "attributes": {
            "access_logs": [
              {
                "bucket": "",
                "enabled": false,
                "prefix": ""
              }
            ],
            "arn": "arn:aws:elasticloadbalancing:eu-west-1:050861853942:loadbalancer/app/sampleapp-alb-staging/42aaf1ef5a59338c",
            "arn_suffix": "app/sampleapp-alb-staging/42aaf1ef5a59338c",
            "customer_owned_ipv4_pool": "",
            "dns_name": "sampleapp-alb-staging-820435610.eu-west-1.elb.amazonaws.com",
            "drop_invalid_header_fields": false,
            "enable_cross_zone_load_balancing": null,
            "enable_deletion_protection": true,
            "enable_http2": true,
            "id": "arn:aws:elasticloadbalancing:eu-west-1:050861853942:loadbalancer/app/sampleapp-alb-staging/42aaf1ef5a59338c",
            "idle_timeout": 60,
            "internal": false,
            "ip_address_type": "ipv4",
            "load_balancer_type": "application",
            "name": "sampleapp-alb-staging",
            "name_prefix": null,
            "security_groups": [
              "sg-015fc2c56afef1c2c"
            ],
            "subnet_mapping": [
              {
                "allocation_id": "",
                "outpost_id": "",
                "private_ipv4_address": "",
                "subnet_id": "subnet-1e327544"
              },
              {
                "allocation_id": "",
                "outpost_id": "",
                "private_ipv4_address": "",
                "subnet_id": "subnet-37dbe151"
              }
            ],
            "subnets": [
              "subnet-1e327544",
              "subnet-37dbe151"
            ],
            "tags": {
              "Environment": "staging"
            },
            "timeouts": null,
            "vpc_id": "vpc-855f96fc",
            "zone_id": "Z32O12XQLNTSW2"
          }
        }
      ]
    },
    {
      "module": "module.network_module",
      "mode": "managed",
      "type": "aws_security_group",
      "name": "publicsg",
      "provider": "provider[\"registry.terraform.io/hashicorp/aws\"]",
      "instances": [
        {
          "schema_version": 1,
          "attributes": {
            "arn": "arn:aws:ec2:eu-west-1:050861853942:security-group/sg-015fc2c56afef1c2c",
            "description": "publicsg for ELB staging",
            "egress": [
              {
                "cidr_blocks": [
                  "0.0.0.0/0"
                ],
                "description": "",
                "from_port": 80,
                "ipv6_cidr_blocks": [],
                "prefix_list_ids": [],
                "protocol": "tcp",
                "security_groups": [],
                "self": false,
                "to_port": 80
              }
            ],
            "id": "sg-015fc2c56afef1c2c",
            "ingress": [
              {
                "cidr_blocks": [
                  "0.0.0.0/0"
                ],
                "description": "",
                "from_port": 80,
                "ipv6_cidr_blocks": [],
                "prefix_list_ids": [],
                "protocol": "tcp",
                "security_groups": [],
                "self": false,
                "to_port": 80
              }
            ],
            "name": "publicsg_staging",
            "name_prefix": "",
            "owner_id": "050861853942",
            "revoke_rules_on_delete": false,
            "tags": {},
            "timeouts": null,
            "vpc_id": "vpc-855f96fc"
          },
          "private": "eyJlMmJmYjczMC1lY2FhLTExZTYtOGY4OC0zNDM2M2JjN2M0YzAiOnsiY3JlYXRlIjo2MDAwMDAwMDAwMDAsImRlbGV0ZSI6NjAwMDAwMDAwMDAwfSwic2NoZW1hX3ZlcnNpb24iOiIxIn0="
        }
      ]
    }
  ]
}
