{
  "version": 4,
  "terraform_version": "0.13.5",
  "serial": 48,
  "lineage": "80645056-1f73-c18e-9727-438f98c987f7",
  "outputs": {},
  "resources": [
    {
      "module": "module.autoscaling_module",
      "mode": "managed",
      "type": "aws_autoscaling_group",
      "name": "sampleapp_asg",
      "provider": "provider[\"registry.terraform.io/hashicorp/aws\"]",
      "instances": [
        {
          "schema_version": 0,
          "attributes": {
            "arn": "arn:aws:autoscaling:eu-west-1:050861853942:autoScalingGroup:57ace73a-e9b7-4b21-b5c9-3dbe1632b2d2:autoScalingGroupName/sampleapp_asg_staging",
            "availability_zones": [
              "eu-west-1a"
            ],
            "default_cooldown": 300,
            "desired_capacity": 1,
            "enabled_metrics": [],
            "force_delete": false,
            "health_check_grace_period": 300,
            "health_check_type": "EC2",
            "id": "sampleapp_asg_staging",
            "initial_lifecycle_hook": [],
            "launch_configuration": "sampleapp_lc_staging",
            "launch_template": [],
            "load_balancers": [],
            "max_instance_lifetime": 0,
            "max_size": 2,
            "metrics_granularity": "1Minute",
            "min_elb_capacity": null,
            "min_size": 1,
            "mixed_instances_policy": [],
            "name": "sampleapp_asg_staging",
            "name_prefix": null,
            "placement_group": "",
            "protect_from_scale_in": false,
            "service_linked_role_arn": "arn:aws:iam::050861853942:role/aws-service-role/autoscaling.amazonaws.com/AWSServiceRoleForAutoScaling",
            "suspended_processes": [],
            "tag": [],
            "tags": [
              {
                "key": "Environment",
                "propagate_at_launch": "true",
                "value": "staging"
              },
              {
                "key": "Name",
                "propagate_at_launch": "true",
                "value": "SampleApp_staging"
              }
            ],
            "target_group_arns": [
              "arn:aws:elasticloadbalancing:eu-west-1:050861853942:targetgroup/sampleapp-http-tg-staging/9a82faa23f563527"
            ],
            "termination_policies": [],
            "timeouts": null,
            "vpc_zone_identifier": [
              "subnet-1e327544"
            ],
            "wait_for_capacity_timeout": "10m",
            "wait_for_elb_capacity": null
          },
          "private": "eyJlMmJmYjczMC1lY2FhLTExZTYtOGY4OC0zNDM2M2JjN2M0YzAiOnsiZGVsZXRlIjo2MDAwMDAwMDAwMDB9fQ==",
          "dependencies": [
            "module.autoscaling_module.aws_launch_configuration.sampleapp_lc",
            "module.loadbalancer_module.aws_lb_target_group.sampleapp_http_tg"
          ]
        }
      ]
    },
    {
      "module": "module.autoscaling_module",
      "mode": "managed",
      "type": "aws_launch_configuration",
      "name": "sampleapp_lc",
      "provider": "provider[\"registry.terraform.io/hashicorp/aws\"]",
      "instances": [
        {
          "schema_version": 0,
          "attributes": {
            "arn": "arn:aws:autoscaling:eu-west-1:050861853942:launchConfiguration:13e30382-3807-4871-b263-b2b1162bb4bd:launchConfigurationName/sampleapp_lc_staging",
            "associate_public_ip_address": false,
            "ebs_block_device": [],
            "ebs_optimized": false,
            "enable_monitoring": true,
            "ephemeral_block_device": [],
            "iam_instance_profile": "",
            "id": "sampleapp_lc_staging",
            "image_id": "ami-0bb3fad3c0286ebd5",
            "instance_type": "t2.micro",
            "key_name": "aws_project_keypair_staging",
            "name": "sampleapp_lc_staging",
            "name_prefix": null,
            "placement_tenancy": null,
            "root_block_device": [],
            "security_groups": [
              "sg-0830f04f9af5f550b"
            ],
            "spot_price": "",
            "user_data": "bb428d0cb876ff95e8c45ca04dafddd88f090e25",
            "user_data_base64": null,
            "vpc_classic_link_id": "",
            "vpc_classic_link_security_groups": []
          },
          "private": "bnVsbA==",
          "dependencies": [
            "module.network_module.aws_security_group.privatesg"
          ]
        }
      ]
    },
    {
      "module": "module.loadbalancer_module",
      "mode": "managed",
      "type": "aws_lb",
      "name": "sampleapp_alb",
      "provider": "provider[\"registry.terraform.io/hashicorp/aws\"]",
      "instances": [
        {
          "schema_version": 0,
          "attributes": {
            "access_logs": [
              {
                "bucket": "",
                "enabled": false,
                "prefix": ""
              }
            ],
            "arn": "arn:aws:elasticloadbalancing:eu-west-1:050861853942:loadbalancer/app/sampleapp-alb-staging/17e556fa10f92e72",
            "arn_suffix": "app/sampleapp-alb-staging/17e556fa10f92e72",
            "customer_owned_ipv4_pool": "",
            "dns_name": "sampleapp-alb-staging-1322437423.eu-west-1.elb.amazonaws.com",
            "drop_invalid_header_fields": false,
            "enable_cross_zone_load_balancing": null,
            "enable_deletion_protection": false,
            "enable_http2": true,
            "id": "arn:aws:elasticloadbalancing:eu-west-1:050861853942:loadbalancer/app/sampleapp-alb-staging/17e556fa10f92e72",
            "idle_timeout": 60,
            "internal": false,
            "ip_address_type": "ipv4",
            "load_balancer_type": "application",
            "name": "sampleapp-alb-staging",
            "name_prefix": null,
            "security_groups": [
              "sg-052f10d190451f76b"
            ],
            "subnet_mapping": [
              {
                "allocation_id": "",
                "outpost_id": "",
                "private_ipv4_address": "",
                "subnet_id": "subnet-1e327544"
              },
              {
                "allocation_id": "",
                "outpost_id": "",
                "private_ipv4_address": "",
                "subnet_id": "subnet-37dbe151"
              }
            ],
            "subnets": [
              "subnet-1e327544",
              "subnet-37dbe151"
            ],
            "tags": {
              "Environment": "staging"
            },
            "timeouts": null,
            "vpc_id": "vpc-855f96fc",
            "zone_id": "Z32O12XQLNTSW2"
          },
          "private": "eyJlMmJmYjczMC1lY2FhLTExZTYtOGY4OC0zNDM2M2JjN2M0YzAiOnsiY3JlYXRlIjo2MDAwMDAwMDAwMDAsImRlbGV0ZSI6NjAwMDAwMDAwMDAwLCJ1cGRhdGUiOjYwMDAwMDAwMDAwMH19",
          "dependencies": [
            "module.network_module.aws_security_group.publicsg"
          ]
        }
      ]
    },
    {
      "module": "module.loadbalancer_module",
      "mode": "managed",
      "type": "aws_lb_listener",
      "name": "http_listener_80",
      "provider": "provider[\"registry.terraform.io/hashicorp/aws\"]",
      "instances": [
        {
          "schema_version": 0,
          "attributes": {
            "arn": "arn:aws:elasticloadbalancing:eu-west-1:050861853942:listener/app/sampleapp-alb-staging/17e556fa10f92e72/199afd577a4c9708",
            "certificate_arn": null,
            "default_action": [
              {
                "authenticate_cognito": [],
                "authenticate_oidc": [],
                "fixed_response": [],
                "forward": [],
                "order": 1,
                "redirect": [],
                "target_group_arn": "arn:aws:elasticloadbalancing:eu-west-1:050861853942:targetgroup/sampleapp-http-tg-staging/9a82faa23f563527",
                "type": "forward"
              }
            ],
            "id": "arn:aws:elasticloadbalancing:eu-west-1:050861853942:listener/app/sampleapp-alb-staging/17e556fa10f92e72/199afd577a4c9708",
            "load_balancer_arn": "arn:aws:elasticloadbalancing:eu-west-1:050861853942:loadbalancer/app/sampleapp-alb-staging/17e556fa10f92e72",
            "port": 80,
            "protocol": "HTTP",
            "ssl_policy": "",
            "timeouts": null
          },
          "private": "eyJlMmJmYjczMC1lY2FhLTExZTYtOGY4OC0zNDM2M2JjN2M0YzAiOnsicmVhZCI6NjAwMDAwMDAwMDAwfX0=",
          "dependencies": [
            "module.loadbalancer_module.aws_lb.sampleapp_alb",
            "module.loadbalancer_module.aws_lb_target_group.sampleapp_http_tg",
            "module.network_module.aws_security_group.publicsg"
          ]
        }
      ]
    },
    {
      "module": "module.loadbalancer_module",
      "mode": "managed",
      "type": "aws_lb_target_group",
      "name": "sampleapp_http_tg",
      "provider": "provider[\"registry.terraform.io/hashicorp/aws\"]",
      "instances": [
        {
          "schema_version": 0,
          "attributes": {
            "arn": "arn:aws:elasticloadbalancing:eu-west-1:050861853942:targetgroup/sampleapp-http-tg-staging/9a82faa23f563527",
            "arn_suffix": "targetgroup/sampleapp-http-tg-staging/9a82faa23f563527",
            "deregistration_delay": 300,
            "health_check": [
              {
                "enabled": true,
                "healthy_threshold": 2,
                "interval": 5,
                "matcher": "200",
                "path": "/icons/apache_pb2.gif",
                "port": "traffic-port",
                "protocol": "HTTP",
                "timeout": 4,
                "unhealthy_threshold": 10
              }
            ],
            "id": "arn:aws:elasticloadbalancing:eu-west-1:050861853942:targetgroup/sampleapp-http-tg-staging/9a82faa23f563527",
            "lambda_multi_value_headers_enabled": false,
            "load_balancing_algorithm_type": "round_robin",
            "name": "sampleapp-http-tg-staging",
            "name_prefix": null,
            "port": 80,
            "protocol": "HTTP",
            "proxy_protocol_v2": false,
            "slow_start": 0,
            "stickiness": [
              {
                "cookie_duration": 86400,
                "enabled": false,
                "type": "lb_cookie"
              }
            ],
            "tags": {},
            "target_type": "instance",
            "vpc_id": "vpc-855f96fc"
          },
          "private": "bnVsbA=="
        }
      ]
    },
    {
      "module": "module.network_module",
      "mode": "managed",
      "type": "aws_security_group",
      "name": "privatesg",
      "provider": "provider[\"registry.terraform.io/hashicorp/aws\"]",
      "instances": [
        {
          "schema_version": 1,
          "attributes": {
            "arn": "arn:aws:ec2:eu-west-1:050861853942:security-group/sg-0830f04f9af5f550b",
            "description": "privatesg for EC2 staging",
            "egress": [
              {
                "cidr_blocks": [
                  "0.0.0.0/0"
                ],
                "description": "",
                "from_port": 80,
                "ipv6_cidr_blocks": [],
                "prefix_list_ids": [],
                "protocol": "tcp",
                "security_groups": [],
                "self": false,
                "to_port": 80
              }
            ],
            "id": "sg-0830f04f9af5f550b",
            "ingress": [
              {
                "cidr_blocks": [],
                "description": null,
                "from_port": 80,
                "ipv6_cidr_blocks": [],
                "prefix_list_ids": [],
                "protocol": "tcp",
                "security_groups": [
                  "sg-052f10d190451f76b"
                ],
                "self": false,
                "to_port": 80
              }
            ],
            "name": "privatesg_staging",
            "name_prefix": "",
            "owner_id": "050861853942",
            "revoke_rules_on_delete": false,
            "tags": {},
            "timeouts": null,
            "vpc_id": "vpc-855f96fc"
          },
          "private": "eyJlMmJmYjczMC1lY2FhLTExZTYtOGY4OC0zNDM2M2JjN2M0YzAiOnsiY3JlYXRlIjo2MDAwMDAwMDAwMDAsImRlbGV0ZSI6NjAwMDAwMDAwMDAwfSwic2NoZW1hX3ZlcnNpb24iOiIxIn0=",
          "dependencies": [
            "module.network_module.aws_security_group.publicsg"
          ]
        }
      ]
    },
    {
      "module": "module.network_module",
      "mode": "managed",
      "type": "aws_security_group",
      "name": "publicsg",
      "provider": "provider[\"registry.terraform.io/hashicorp/aws\"]",
      "instances": [
        {
          "schema_version": 1,
          "attributes": {
            "arn": "arn:aws:ec2:eu-west-1:050861853942:security-group/sg-052f10d190451f76b",
            "description": "publicsg for ELB staging",
            "egress": [
              {
                "cidr_blocks": [
                  "0.0.0.0/0"
                ],
                "description": "",
                "from_port": 80,
                "ipv6_cidr_blocks": [],
                "prefix_list_ids": [],
                "protocol": "tcp",
                "security_groups": [],
                "self": false,
                "to_port": 80
              }
            ],
            "id": "sg-052f10d190451f76b",
            "ingress": [
              {
                "cidr_blocks": [
                  "0.0.0.0/0"
                ],
                "description": "",
                "from_port": 80,
                "ipv6_cidr_blocks": [],
                "prefix_list_ids": [],
                "protocol": "tcp",
                "security_groups": [],
                "self": false,
                "to_port": 80
              }
            ],
            "name": "publicsg_staging",
            "name_prefix": "",
            "owner_id": "050861853942",
            "revoke_rules_on_delete": false,
            "tags": {},
            "timeouts": null,
            "vpc_id": "vpc-855f96fc"
          },
          "private": "eyJlMmJmYjczMC1lY2FhLTExZTYtOGY4OC0zNDM2M2JjN2M0YzAiOnsiY3JlYXRlIjo2MDAwMDAwMDAwMDAsImRlbGV0ZSI6NjAwMDAwMDAwMDAwfSwic2NoZW1hX3ZlcnNpb24iOiIxIn0="
        }
      ]
    }
  ]
}
